{
  "requires": true,
  "lockfileVersion": 1,
  "dependencies": {
    "jsonpickle": {
      "version": "1.1.2",
      "resolved": "https://registry.npmjs.org/jsonpickle/-/jsonpickle-1.1.2.tgz",
      "integrity": "sha512-hVOxq83lHilSvx5aLqe2cKTmKYZDkqVD1XgZ6Q75HdpjTYvOF6fRBgTNxCjxXQ1NclmsxO/nsbhxTjl8gYpTgQ==",
      "requires": {
        "regenerator-runtime": "^0.13.3"
      }
    },
    "regenerator-runtime": {
      "version": "0.13.7",
      "resolved": "https://registry.npmjs.org/regenerator-runtime/-/regenerator-runtime-0.13.7.tgz",
      "integrity": "sha512-a54FxoJDIr27pgf7IgeQGxmqUNYrcV338lf/6gH456HZ/PhX+5BcwHXG9ajESmwe6WRO0tAzRUrRmNONWgkrew=="
    }
  }
}
